
Microsoft Visual Studio Solution File, Format Version 12.00
# Visual Studio Version 17
VisualStudioVersion = 17.3.32929.385
MinimumVisualStudioVersion = 10.0.40219.1
Project("{2150E333-8FDC-42A3-9474-1A3956D46DE8}") = "App", "App", "{82A8F644-ACE7-49AD-B8B8-B29A6805DA26}"
EndProject
Project("{FAE04EC0-301F-11D3-BF4B-00C04F79EFBC}") = "UiDesktop.App", "scr\UiDesktop.App\UiDesktop.App.csproj", "{D1EC0206-EB26-4D99-9F27-6D067744E971}"
EndProject
Global
	GlobalSection(SolutionConfigurationPlatforms) = preSolution
		Debug|Any CPU = Debug|Any CPU
		Release|Any CPU = Release|Any CPU
	EndGlobalSection
	GlobalSection(ProjectConfigurationPlatforms) = postSolution
		{D1EC0206-EB26-4D99-9F27-6D067744E971}.Debug|Any CPU.ActiveCfg = Debug|Any CPU
		{D1EC0206-EB26-4D99-9F27-6D067744E971}.Debug|Any CPU.Build.0 = Debug|Any CPU
		{D1EC0206-EB26-4D99-9F27-6D067744E971}.Release|Any CPU.ActiveCfg = Release|Any CPU
		{D1EC0206-EB26-4D99-9F27-6D067744E971}.Release|Any CPU.Build.0 = Release|Any CPU
	EndGlobalSection
	GlobalSection(SolutionProperties) = preSolution
		HideSolutionNode = FALSE
	EndGlobalSection
	GlobalSection(NestedProjects) = preSolution
		{D1EC0206-EB26-4D99-9F27-6D067744E971} = {82A8F644-ACE7-49AD-B8B8-B29A6805DA26}
	EndGlobalSection
	GlobalSection(ExtensibilityGlobals) = postSolution
		SolutionGuid = {04ED9A43-F635-4EFB-8897-85EF68ACCC1F}
	EndGlobalSection
EndGlobal
